// !$*UTF8*$!
{
	archiveVersion = 1;
	classes = {
	};
	objectVersion = 46;
	objects = {

/* Begin PBXBuildFile section */
		C1DC11841DB8B6B300A9D57E /* main.m in Sources */ = {isa = PBXBuildFile; fileRef = C1DC11831DB8B6B300A9D57E /* main.m */; };
		C1DC11871DB8B6B300A9D57E /* AppDelegate.m in Sources */ = {isa = PBXBuildFile; fileRef = C1DC11861DB8B6B300A9D57E /* AppDelegate.m */; };
		C1DC118A1DB8B6B300A9D57E /* ViewController.m in Sources */ = {isa = PBXBuildFile; fileRef = C1DC11891DB8B6B300A9D57E /* ViewController.m */; };
		C1DC118D1DB8B6B300A9D57E /* Main.storyboard in Resources */ = {isa = PBXBuildFile; fileRef = C1DC118B1DB8B6B300A9D57E /* Main.storyboard */; };
		C1DC118F1DB8B6B300A9D57E /* Assets.xcassets in Resources */ = {isa = PBXBuildFile; fileRef = C1DC118E1DB8B6B300A9D57E /* Assets.xcassets */; };
		C1DC11921DB8B6B300A9D57E /* LaunchScreen.storyboard in Resources */ = {isa = PBXBuildFile; fileRef = C1DC11901DB8B6B300A9D57E /* LaunchScreen.storyboard */; };
		C1DC119D1DB8B6B300A9D57E /* BBUpdateExampleTests.m in Sources */ = {isa = PBXBuildFile; fileRef = C1DC119C1DB8B6B300A9D57E /* BBUpdateExampleTests.m */; };
		C1DC11A81DB8B6B300A9D57E /* BBUpdateExampleUITests.m in Sources */ = {isa = PBXBuildFile; fileRef = C1DC11A71DB8B6B300A9D57E /* BBUpdateExampleUITests.m */; };
		C1DC11B81DB8B6E900A9D57E /* BBUpdate.m in Sources */ = {isa = PBXBuildFile; fileRef = C1DC11B71DB8B6E900A9D57E /* BBUpdate.m */; };
/* End PBXBuildFile section */

/* Begin PBXContainerItemProxy section */
		C1DC11991DB8B6B300A9D57E /* PBXContainerItemProxy */ = {
			isa = PBXContainerItemProxy;
			containerPortal = C1DC11771DB8B6B300A9D57E /* Project object */;
			proxyType = 1;
			remoteGlobalIDString = C1DC117E1DB8B6B300A9D57E;
			remoteInfo = BBUpdateExample;
		};
		C1DC11A41DB8B6B300A9D57E /* PBXContainerItemProxy */ = {
			isa = PBXContainerItemProxy;
			containerPortal = C1DC11771DB8B6B300A9D57E /* Project object */;
			proxyType = 1;
			remoteGlobalIDString = C1DC117E1DB8B6B300A9D57E;
			remoteInfo = BBUpdateExample;
		};
/* End PBXContainerItemProxy section */

/* Begin PBXFileReference section */
		C1DC117F1DB8B6B300A9D57E /* BBUpdateExample.app */ = {isa = PBXFileReference; explicitFileType = wrapper.application; includeInIndex = 0; path = BBUpdateExample.app; sourceTree = BUILT_PRODUCTS_DIR; };
		C1DC11831DB8B6B300A9D57E /* main.m */ = {isa = PBXFileReference; lastKnownFileType = sourcecode.c.objc; path = main.m; sourceTree = "<group>"; };
		C1DC11851DB8B6B300A9D57E /* AppDelegate.h */ = {isa = PBXFileReference; lastKnownFileType = sourcecode.c.h; path = AppDelegate.h; sourceTree = "<group>"; };
		C1DC11861DB8B6B300A9D57E /* AppDelegate.m */ = {isa = PBXFileReference; lastKnownFileType = sourcecode.c.objc; path = AppDelegate.m; sourceTree = "<group>"; };
		C1DC11881DB8B6B300A9D57E /* ViewController.h */ = {isa = PBXFileReference; lastKnownFileType = sourcecode.c.h; path = ViewController.h; sourceTree = "<group>"; };
		C1DC11891DB8B6B300A9D57E /* ViewController.m */ = {isa = PBXFileReference; lastKnownFileType = sourcecode.c.objc; path = ViewController.m; sourceTree = "<group>"; };
		C1DC118C1DB8B6B300A9D57E /* Base */ = {isa = PBXFileReference; lastKnownFileType = file.storyboard; name = Base; path = Base.lproj/Main.storyboard; sourceTree = "<group>"; };
		C1DC118E1DB8B6B300A9D57E /* Assets.xcassets */ = {isa = PBXFileReference; lastKnownFileType = folder.assetcatalog; path = Assets.xcassets; sourceTree = "<group>"; };
		C1DC11911DB8B6B300A9D57E /* Base */ = {isa = PBXFileReference; lastKnownFileType = file.storyboard; name = Base; path = Base.lproj/LaunchScreen.storyboard; sourceTree = "<group>"; };
		C1DC11931DB8B6B300A9D57E /* Info.plist */ = {isa = PBXFileReference; lastKnownFileType = text.plist.xml; path = Info.plist; sourceTree = "<group>"; };
		C1DC11981DB8B6B300A9D57E /* BBUpdateExampleTests.xctest */ = {isa = PBXFileReference; explicitFileType = wrapper.cfbundle; includeInIndex = 0; path = BBUpdateExampleTests.xctest; sourceTree = BUILT_PRODUCTS_DIR; };
		C1DC119C1DB8B6B300A9D57E /* BBUpdateExampleTests.m */ = {isa = PBXFileReference; lastKnownFileType = sourcecode.c.objc; path = BBUpdateExampleTests.m; sourceTree = "<group>"; };
		C1DC119E1DB8B6B300A9D57E /* Info.plist */ = {isa = PBXFileReference; lastKnownFileType = text.plist.xml; path = Info.plist; sourceTree = "<group>"; };
		C1DC11A31DB8B6B300A9D57E /* BBUpdateExampleUITests.xctest */ = {isa = PBXFileReference; explicitFileType = wrapper.cfbundle; includeInIndex = 0; path = BBUpdateExampleUITests.xctest; sourceTree = BUILT_PRODUCTS_DIR; };
		C1DC11A71DB8B6B300A9D57E /* BBUpdateExampleUITests.m */ = {isa = PBXFileReference; lastKnownFileType = sourcecode.c.objc; path = BBUpdateExampleUITests.m; sourceTree = "<group>"; };
		C1DC11A91DB8B6B300A9D57E /* Info.plist */ = {isa = PBXFileReference; lastKnownFileType = text.plist.xml; path = Info.plist; sourceTree = "<group>"; };
		C1DC11B61DB8B6E900A9D57E /* BBUpdate.h */ = {isa = PBXFileReference; fileEncoding = 4; lastKnownFileType = sourcecode.c.h; path = BBUpdate.h; sourceTree = "<group>"; };
		C1DC11B71DB8B6E900A9D57E /* BBUpdate.m */ = {isa = PBXFileReference; fileEncoding = 4; lastKnownFileType = sourcecode.c.objc; path = BBUpdate.m; sourceTree = "<group>"; };
/* End PBXFileReference section */

/* Begin PBXFrameworksBuildPhase section */
		C1DC117C1DB8B6B300A9D57E /* Frameworks */ = {
			isa = PBXFrameworksBuildPhase;
			buildActionMask = 2147483647;
			files = (
			);
			runOnlyForDeploymentPostprocessing = 0;
		};
		C1DC11951DB8B6B300A9D57E /* Frameworks */ = {
			isa = PBXFrameworksBuildPhase;
			buildActionMask = 2147483647;
			files = (
			);
			runOnlyForDeploymentPostprocessing = 0;
		};
		C1DC11A01DB8B6B300A9D57E /* Frameworks */ = {
			isa = PBXFrameworksBuildPhase;
			buildActionMask = 2147483647;
			files = (
			);
			runOnlyForDeploymentPostprocessing = 0;
		};
/* End PBXFrameworksBuildPhase section */

/* Begin PBXGroup section */
		C1DC11761DB8B6B300A9D57E = {
			isa = PBXGroup;
			children = (
				C1DC11811DB8B6B300A9D57E /* BBUpdateExample */,
				C1DC119B1DB8B6B300A9D57E /* BBUpdateExampleTests */,
				C1DC11A61DB8B6B300A9D57E /* BBUpdateExampleUITests */,
				C1DC11801DB8B6B300A9D57E /* Products */,
			);
			sourceTree = "<group>";
		};
		C1DC11801DB8B6B300A9D57E /* Products */ = {
			isa = PBXGroup;
			children = (
				C1DC117F1DB8B6B300A9D57E /* BBUpdateExample.app */,
				C1DC11981DB8B6B300A9D57E /* BBUpdateExampleTests.xctest */,
				C1DC11A31DB8B6B300A9D57E /* BBUpdateExampleUITests.xctest */,
			);
			name = Products;
			sourceTree = "<group>";
		};
		C1DC11811DB8B6B300A9D57E /* BBUpdateExample */ = {
			isa = PBXGroup;
			children = (
				C1DC11B51DB8B6E900A9D57E /* BBUpdate */,
				C1DC11851DB8B6B300A9D57E /* AppDelegate.h */,
				C1DC11861DB8B6B300A9D57E /* AppDelegate.m */,
				C1DC11881DB8B6B300A9D57E /* ViewController.h */,
				C1DC11891DB8B6B300A9D57E /* ViewController.m */,
				C1DC118B1DB8B6B300A9D57E /* Main.storyboard */,
				C1DC118E1DB8B6B300A9D57E /* Assets.xcassets */,
				C1DC11901DB8B6B300A9D57E /* LaunchScreen.storyboard */,
				C1DC11931DB8B6B300A9D57E /* Info.plist */,
				C1DC11821DB8B6B300A9D57E /* Supporting Files */,
			);
			path = BBUpdateExample;
			sourceTree = "<group>";
		};
		C1DC11821DB8B6B300A9D57E /* Supporting Files */ = {
			isa = PBXGroup;
			children = (
				C1DC11831DB8B6B300A9D57E /* main.m */,
			);
			name = "Supporting Files";
			sourceTree = "<group>";
		};
		C1DC119B1DB8B6B300A9D57E /* BBUpdateExampleTests */ = {
			isa = PBXGroup;
			children = (
				C1DC119C1DB8B6B300A9D57E /* BBUpdateExampleTests.m */,
				C1DC119E1DB8B6B300A9D57E /* Info.plist */,
			);
			path = BBUpdateExampleTests;
			sourceTree = "<group>";
		};
		C1DC11A61DB8B6B300A9D57E /* BBUpdateExampleUITests */ = {
			isa = PBXGroup;
			children = (
				C1DC11A71DB8B6B300A9D57E /* BBUpdateExampleUITests.m */,
				C1DC11A91DB8B6B300A9D57E /* Info.plist */,
			);
			path = BBUpdateExampleUITests;
			sourceTree = "<group>";
		};
		C1DC11B51DB8B6E900A9D57E /* BBUpdate */ = {
			isa = PBXGroup;
			children = (
				C1DC11B61DB8B6E900A9D57E /* BBUpdate.h */,
				C1DC11B71DB8B6E900A9D57E /* BBUpdate.m */,
			);
			name = BBUpdate;
			path = ../../BBUpdate;
			sourceTree = "<group>";
		};
/* End PBXGroup section */

/* Begin PBXNativeTarget section */
		C1DC117E1DB8B6B300A9D57E /* BBUpdateExample */ = {
			isa = PBXNativeTarget;
			buildConfigurationList = C1DC11AC1DB8B6B300A9D57E /* Build configuration list for PBXNativeTarget "BBUpdateExample" */;
			buildPhases = (
				C1DC117B1DB8B6B300A9D57E /* Sources */,
				C1DC117C1DB8B6B300A9D57E /* Frameworks */,
				C1DC117D1DB8B6B300A9D57E /* Resources */,
			);
			buildRules = (
			);
			dependencies = (
			);
			name = BBUpdateExample;
			productName = BBUpdateExample;
			productReference = C1DC117F1DB8B6B300A9D57E /* BBUpdateExample.app */;
			productType = "com.apple.product-type.application";
		};
		C1DC11971DB8B6B300A9D57E /* BBUpdateExampleTests */ = {
			isa = PBXNativeTarget;
			buildConfigurationList = C1DC11AF1DB8B6B300A9D57E /* Build configuration list for PBXNativeTarget "BBUpdateExampleTests" */;
			buildPhases = (
				C1DC11941DB8B6B300A9D57E /* Sources */,
				C1DC11951DB8B6B300A9D57E /* Frameworks */,
				C1DC11961DB8B6B300A9D57E /* Resources */,
			);
			buildRules = (
			);
			dependencies = (
				C1DC119A1DB8B6B300A9D57E /* PBXTargetDependency */,
			);
			name = BBUpdateExampleTests;
			productName = BBUpdateExampleTests;
			productReference = C1DC11981DB8B6B300A9D57E /* BBUpdateExampleTests.xctest */;
			productType = "com.apple.product-type.bundle.unit-test";
		};
		C1DC11A21DB8B6B300A9D57E /* BBUpdateExampleUITests */ = {
			isa = PBXNativeTarget;
			buildConfigurationList = C1DC11B21DB8B6B300A9D57E /* Build configuration list for PBXNativeTarget "BBUpdateExampleUITests" */;
			buildPhases = (
				C1DC119F1DB8B6B300A9D57E /* Sources */,
				C1DC11A01DB8B6B300A9D57E /* Frameworks */,
				C1DC11A11DB8B6B300A9D57E /* Resources */,
			);
			buildRules = (
			);
			dependencies = (
				C1DC11A51DB8B6B300A9D57E /* PBXTargetDependency */,
			);
			name = BBUpdateExampleUITests;
			productName = BBUpdateExampleUITests;
			productReference = C1DC11A31DB8B6B300A9D57E /* BBUpdateExampleUITests.xctest */;
			productType = "com.apple.product-type.bundle.ui-testing";
		};
/* End PBXNativeTarget section */

/* Begin PBXProject section */
		C1DC11771DB8B6B300A9D57E /* Project object */ = {
			isa = PBXProject;
			attributes = {
				LastUpgradeCheck = 0800;
				ORGANIZATIONNAME = yhyvr.com;
				TargetAttributes = {
					C1DC117E1DB8B6B300A9D57E = {
						CreatedOnToolsVersion = 8.0;
						ProvisioningStyle = Automatic;
					};
					C1DC11971DB8B6B300A9D57E = {
						CreatedOnToolsVersion = 8.0;
						DevelopmentTeam = QXJB9XPNQ5;
						ProvisioningStyle = Automatic;
						TestTargetID = C1DC117E1DB8B6B300A9D57E;
					};
					C1DC11A21DB8B6B300A9D57E = {
						CreatedOnToolsVersion = 8.0;
						DevelopmentTeam = QXJB9XPNQ5;
						ProvisioningStyle = Automatic;
						TestTargetID = C1DC117E1DB8B6B300A9D57E;
					};
				};
			};
			buildConfigurationList = C1DC117A1DB8B6B300A9D57E /* Build configuration list for PBXProject "BBUpdateExample" */;
			compatibilityVersion = "Xcode 3.2";
			developmentRegion = English;
			hasScannedForEncodings = 0;
			knownRegions = (
				en,
				Base,
			);
			mainGroup = C1DC11761DB8B6B300A9D57E;
			productRefGroup = C1DC11801DB8B6B300A9D57E /* Products */;
			projectDirPath = "";
			projectRoot = "";
			targets = (
				C1DC117E1DB8B6B300A9D57E /* BBUpdateExample */,
				C1DC11971DB8B6B300A9D57E /* BBUpdateExampleTests */,
				C1DC11A21DB8B6B300A9D57E /* BBUpdateExampleUITests */,
			);
		};
/* End PBXProject section */

/* Begin PBXResourcesBuildPhase section */
		C1DC117D1DB8B6B300A9D57E /* Resources */ = {
			isa = PBXResourcesBuildPhase;
			buildActionMask = 2147483647;
			files = (
				C1DC11921DB8B6B300A9D57E /* LaunchScreen.storyboard in Resources */,
				C1DC118F1DB8B6B300A9D57E /* Assets.xcassets in Resources */,
				C1DC118D1DB8B6B300A9D57E /* Main.storyboard in Resources */,
			);
			runOnlyForDeploymentPostprocessing = 0;
		};
		C1DC11961DB8B6B300A9D57E /* Resources */ = {
			isa = PBXResourcesBuildPhase;
			buildActionMask = 2147483647;
			files = (
			);
			runOnlyForDeploymentPostprocessing = 0;
		};
		C1DC11A11DB8B6B300A9D57E /* Resources */ = {
			isa = PBXResourcesBuildPhase;
			buildActionMask = 2147483647;
			files = (
			);
			runOnlyForDeploymentPostprocessing = 0;
		};
/* End PBXResourcesBuildPhase section */

/* Begin PBXSourcesBuildPhase section */
		C1DC117B1DB8B6B300A9D57E /* Sources */ = {
			isa = PBXSourcesBuildPhase;
			buildActionMask = 2147483647;
			files = (
				C1DC11B81DB8B6E900A9D57E /* BBUpdate.m in Sources */,
				C1DC118A1DB8B6B300A9D57E /* ViewController.m in Sources */,
				C1DC11871DB8B6B300A9D57E /* AppDelegate.m in Sources */,
				C1DC11841DB8B6B300A9D57E /* main.m in Sources */,
			);
			runOnlyForDeploymentPostprocessing = 0;
		};
		C1DC11941DB8B6B300A9D57E /* Sources */ = {
			isa = PBXSourcesBuildPhase;
			buildActionMask = 2147483647;
			files = (
				C1DC119D1DB8B6B300A9D57E /* BBUpdateExampleTests.m in Sources */,
			);
			runOnlyForDeploymentPostprocessing = 0;
		};
		C1DC119F1DB8B6B300A9D57E /* Sources */ = {
			isa = PBXSourcesBuildPhase;
			buildActionMask = 2147483647;
			files = (
				C1DC11A81DB8B6B300A9D57E /* BBUpdateExampleUITests.m in Sources */,
			);
			runOnlyForDeploymentPostprocessing = 0;
		};
/* End PBXSourcesBuildPhase section */

/* Begin PBXTargetDependency section */
		C1DC119A1DB8B6B300A9D57E /* PBXTargetDependency */ = {
			isa = PBXTargetDependency;
			target = C1DC117E1DB8B6B300A9D57E /* BBUpdateExample */;
			targetProxy = C1DC11991DB8B6B300A9D57E /* PBXContainerItemProxy */;
		};
		C1DC11A51DB8B6B300A9D57E /* PBXTargetDependency */ = {
			isa = PBXTargetDependency;
			target = C1DC117E1DB8B6B300A9D57E /* BBUpdateExample */;
			targetProxy = C1DC11A41DB8B6B300A9D57E /* PBXContainerItemProxy */;
		};
/* End PBXTargetDependency section */

/* Begin PBXVariantGroup section */
		C1DC118B1DB8B6B300A9D57E /* Main.storyboard */ = {
			isa = PBXVariantGroup;
			children = (
				C1DC118C1DB8B6B300A9D57E /* Base */,
			);
			name = Main.storyboard;
			sourceTree = "<group>";
		};
		C1DC11901DB8B6B300A9D57E /* LaunchScreen.storyboard */ = {
			isa = PBXVariantGroup;
			children = (
				C1DC11911DB8B6B300A9D57E /* Base */,
			);
			name = LaunchScreen.storyboard;
			sourceTree = "<group>";
		};
/* End PBXVariantGroup section */

/* Begin XCBuildConfiguration section */
		C1DC11AA1DB8B6B300A9D57E /* Debug */ = {
			isa = XCBuildConfiguration;
			buildSettings = {
				ALWAYS_SEARCH_USER_PATHS = NO;
				CLANG_ANALYZER_NONNULL = YES;
				CLANG_CXX_LANGUAGE_STANDARD = "gnu++0x";
				CLANG_CXX_LIBRARY = "libc++";
				CLANG_ENABLE_MODULES = YES;
				CLANG_ENABLE_OBJC_ARC = YES;
				CLANG_WARN_BOOL_CONVERSION = YES;
				CLANG_WARN_CONSTANT_CONVERSION = YES;
				CLANG_WARN_DIRECT_OBJC_ISA_USAGE = YES_ERROR;
				CLANG_WARN_DOCUMENTATION_COMMENTS = YES;
				CLANG_WARN_EMPTY_BODY = YES;
				CLANG_WARN_ENUM_CONVERSION = YES;
				CLANG_WARN_INFINITE_RECURSION = YES;
				CLANG_WARN_INT_CONVERSION = YES;
				CLANG_WARN_OBJC_ROOT_CLASS = YES_ERROR;
				CLANG_WARN_SUSPICIOUS_MOVES = YES;
				CLANG_WARN_UNREACHABLE_CODE = YES;
				CLANG_WARN__DUPLICATE_METHOD_MATCH = YES;
				"CODE_SIGN_IDENTITY[sdk=iphoneos*]" = "iPhone Developer";
				COPY_PHASE_STRIP = NO;
				DEBUG_INFORMATION_FORMAT = dwarf;
				ENABLE_STRICT_OBJC_MSGSEND = YES;
				ENABLE_TESTABILITY = YES;
				GCC_C_LANGUAGE_STANDARD = gnu99;
				GCC_DYNAMIC_NO_PIC = NO;
				GCC_NO_COMMON_BLOCKS = YES;
				GCC_OPTIMIZATION_LEVEL = 0;
				GCC_PREPROCESSOR_DEFINITIONS = (
					"DEBUG=1",
					"$(inherited)",
				);
				GCC_WARN_64_TO_32_BIT_CONVERSION = YES;
				GCC_WARN_ABOUT_RETURN_TYPE = YES_ERROR;
				GCC_WARN_UNDECLARED_SELECTOR = YES;
				GCC_WARN_UNINITIALIZED_AUTOS = YES_AGGRESSIVE;
				GCC_WARN_UNUSED_FUNCTION = YES;
				GCC_WARN_UNUSED_VARIABLE = YES;
				IPHONEOS_DEPLOYMENT_TARGET = 10.0;
				MTL_ENABLE_DEBUG_INFO = YES;
				ONLY_ACTIVE_ARCH = YES;
				SDKROOT = iphoneos;
				TARGETED_DEVICE_FAMILY = "1,2";
			};
			name = Debug;
		};
		C1DC11AB1DB8B6B300A9D57E /* Release */ = {
			isa = XCBuildConfiguration;
			buildSettings = {
				ALWAYS_SEARCH_USER_PATHS = NO;
				CLANG_ANALYZER_NONNULL = YES;
				CLANG_CXX_LANGUAGE_STANDARD = "gnu++0x";
				CLANG_CXX_LIBRARY = "libc++";
				CLANG_ENABLE_MODULES = YES;
				CLANG_ENABLE_OBJC_ARC = YES;
				CLANG_WARN_BOOL_CONVERSION = YES;
				CLANG_WARN_CONSTANT_CONVERSION = YES;
				CLANG_WARN_DIRECT_OBJC_ISA_USAGE = YES_ERROR;
				CLANG_WARN_DOCUMENTATION_COMMENTS = YES;
				CLANG_WARN_EMPTY_BODY = YES;
				CLANG_WARN_ENUM_CONVERSION = YES;
				CLANG_WARN_INFINITE_RECURSION = YES;
				CLANG_WARN_INT_CONVERSION = YES;
				CLANG_WARN_OBJC_ROOT_CLASS = YES_ERROR;
				CLANG_WARN_SUSPICIOUS_MOVES = YES;
				CLANG_WARN_UNREACHABLE_CODE = YES;
				CLANG_WARN__DUPLICATE_METHOD_MATCH = YES;
				"CODE_SIGN_IDENTITY[sdk=iphoneos*]" = "iPhone Developer";
				COPY_PHASE_STRIP = NO;
				DEBUG_INFORMATION_FORMAT = "dwarf-with-dsym";
				ENABLE_NS_ASSERTIONS = NO;
				ENABLE_STRICT_OBJC_MSGSEND = YES;
				GCC_C_LANGUAGE_STANDARD = gnu99;
				GCC_NO_COMMON_BLOCKS = YES;
				GCC_WARN_64_TO_32_BIT_CONVERSION = YES;
				GCC_WARN_ABOUT_RETURN_TYPE = YES_ERROR;
				GCC_WARN_UNDECLARED_SELECTOR = YES;
				GCC_WARN_UNINITIALIZED_AUTOS = YES_AGGRESSIVE;
				GCC_WARN_UNUSED_FUNCTION = YES;
				GCC_WARN_UNUSED_VARIABLE = YES;
				IPHONEOS_DEPLOYMENT_TARGET = 10.0;
				MTL_ENABLE_DEBUG_INFO = NO;
				SDKROOT = iphoneos;
				TARGETED_DEVICE_FAMILY = "1,2";
				VALIDATE_PRODUCT = YES;
			};
			name = Release;
		};
		C1DC11AD1DB8B6B300A9D57E /* Debug */ = {
			isa = XCBuildConfiguration;
			buildSettings = {
				ASSETCATALOG_COMPILER_APPICON_NAME = AppIcon;
				DEVELOPMENT_TEAM = "";
				INFOPLIST_FILE = BBUpdateExample/Info.plist;
				IPHONEOS_DEPLOYMENT_TARGET = 8.0;
				LD_RUNPATH_SEARCH_PATHS = "$(inherited) @executable_path/Frameworks";
				PRODUCT_BUNDLE_IDENTIFIER = com.arbanban.BBUpdateExample;
				PRODUCT_NAME = "$(TARGET_NAME)";
			};
			name = Debug;
		};
		C1DC11AE1DB8B6B300A9D57E /* Release */ = {
			isa = XCBuildConfiguration;
			buildSettings = {
				ASSETCATALOG_COMPILER_APPICON_NAME = AppIcon;
				DEVELOPMENT_TEAM = "";
				INFOPLIST_FILE = BBUpdateExample/Info.plist;
				IPHONEOS_DEPLOYMENT_TARGET = 8.0;
				LD_RUNPATH_SEARCH_PATHS = "$(inherited) @executable_path/Frameworks";
				PRODUCT_BUNDLE_IDENTIFIER = com.arbanban.BBUpdateExample;
				PRODUCT_NAME = "$(TARGET_NAME)";
			};
			name = Release;
		};
		C1DC11B01DB8B6B300A9D57E /* Debug */ = {
			isa = XCBuildConfiguration;
			buildSettings = {
				BUNDLE_LOADER = "$(TEST_HOST)";
				DEVELOPMENT_TEAM = QXJB9XPNQ5;
				INFOPLIST_FILE = BBUpdateExampleTests/Info.plist;
				LD_RUNPATH_SEARCH_PATHS = "$(inherited) @executable_path/Frameworks @loader_path/Frameworks";
				PRODUCT_BUNDLE_IDENTIFIER = com.arbanban.BBUpdateExampleTests;
				PRODUCT_NAME = "$(TARGET_NAME)";
				TEST_HOST = "$(BUILT_PRODUCTS_DIR)/BBUpdateExample.app/BBUpdateExample";
			};
			name = Debug;
		};
		C1DC11B11DB8B6B300A9D57E /* Release */ = {
			isa = XCBuildConfiguration;
			buildSettings = {
				BUNDLE_LOADER = "$(TEST_HOST)";
				DEVELOPMENT_TEAM = QXJB9XPNQ5;
				INFOPLIST_FILE = BBUpdateExampleTests/Info.plist;
				LD_RUNPATH_SEARCH_PATHS = "$(inherited) @executable_path/Frameworks @loader_path/Frameworks";
				PRODUCT_BUNDLE_IDENTIFIER = com.arbanban.BBUpdateExampleTests;
				PRODUCT_NAME = "$(TARGET_NAME)";
				TEST_HOST = "$(BUILT_PRODUCTS_DIR)/BBUpdateExample.app/BBUpdateExample";
			};
			name = Release;
		};
		C1DC11B31DB8B6B300A9D57E /* Debug */ = {
			isa = XCBuildConfiguration;
			buildSettings = {
				DEVELOPMENT_TEAM = QXJB9XPNQ5;
				INFOPLIST_FILE = BBUpdateExampleUITests/Info.plist;
				LD_RUNPATH_SEARCH_PATHS = "$(inherited) @executable_path/Frameworks @loader_path/Frameworks";
				PRODUCT_BUNDLE_IDENTIFIER = com.arbanban.BBUpdateExampleUITests;
				PRODUCT_NAME = "$(TARGET_NAME)";
				TEST_TARGET_NAME = BBUpdateExample;
			};
			name = Debug;
		};
		C1DC11B41DB8B6B300A9D57E /* Release */ = {
			isa = XCBuildConfiguration;
			buildSettings = {
				DEVELOPMENT_TEAM = QXJB9XPNQ5;
				INFOPLIST_FILE = BBUpdateExampleUITests/Info.plist;
				LD_RUNPATH_SEARCH_PATHS = "$(inherited) @executable_path/Frameworks @loader_path/Frameworks";
				PRODUCT_BUNDLE_IDENTIFIER = com.arbanban.BBUpdateExampleUITests;
				PRODUCT_NAME = "$(TARGET_NAME)";
				TEST_TARGET_NAME = BBUpdateExample;
			};
			name = Release;
		};
/* End XCBuildConfiguration section */

/* Begin XCConfigurationList section */
		C1DC117A1DB8B6B300A9D57E /* Build configuration list for PBXProject "BBUpdateExample" */ = {
			isa = XCConfigurationList;
			buildConfigurations = (
				C1DC11AA1DB8B6B300A9D57E /* Debug */,
				C1DC11AB1DB8B6B300A9D57E /* Release */,
			);
			defaultConfigurationIsVisible = 0;
			defaultConfigurationName = Release;
		};
		C1DC11AC1DB8B6B300A9D57E /* Build configuration list for PBXNativeTarget "BBUpdateExample" */ = {
			isa = XCConfigurationList;
			buildConfigurations = (
				C1DC11AD1DB8B6B300A9D57E /* Debug */,
				C1DC11AE1DB8B6B300A9D57E /* Release */,
			);
			defaultConfigurationIsVisible = 0;
			defaultConfigurationName = Release;
		};
		C1DC11AF1DB8B6B300A9D57E /* Build configuration list for PBXNativeTarget "BBUpdateExampleTests" */ = {
			isa = XCConfigurationList;
			buildConfigurations = (
				C1DC11B01DB8B6B300A9D57E /* Debug */,
				C1DC11B11DB8B6B300A9D57E /* Release */,
			);
			defaultConfigurationIsVisible = 0;
			defaultConfigurationName = Release;
		};
		C1DC11B21DB8B6B300A9D57E /* Build configuration list for PBXNativeTarget "BBUpdateExampleUITests" */ = {
			isa = XCConfigurationList;
			buildConfigurations = (
				C1DC11B31DB8B6B300A9D57E /* Debug */,
				C1DC11B41DB8B6B300A9D57E /* Release */,
			);
			defaultConfigurationIsVisible = 0;
			defaultConfigurationName = Release;
		};
/* End XCConfigurationList section */
	};
	rootObject = C1DC11771DB8B6B300A9D57E /* Project object */;
}
